// !$*UTF8*$!
{
	archiveVersion = 1;
	classes = {
	};
	objectVersion = 51;
	objects = {

/* Begin PBXBuildFile section */
		2647D84325BB09DC00E0B941 /* GmarketSansMedium.otf in Resources */ = {isa = PBXBuildFile; fileRef = 2647D84125BB09DB00E0B941 /* GmarketSansMedium.otf */; };
		2647D84925BB139B00E0B941 /* UnderLineBtn.swift in Sources */ = {isa = PBXBuildFile; fileRef = 2647D84825BB139B00E0B941 /* UnderLineBtn.swift */; };
		26B52D8825B9CC09002720AB /* AppDelegate.swift in Sources */ = {isa = PBXBuildFile; fileRef = 26B52D8725B9CC09002720AB /* AppDelegate.swift */; };
		26B52D8A25B9CC09002720AB /* SceneDelegate.swift in Sources */ = {isa = PBXBuildFile; fileRef = 26B52D8925B9CC09002720AB /* SceneDelegate.swift */; };
		26B52D9125B9CC0B002720AB /* Assets.xcassets in Resources */ = {isa = PBXBuildFile; fileRef = 26B52D9025B9CC0B002720AB /* Assets.xcassets */; };
		26B52D9425B9CC0B002720AB /* LaunchScreen.storyboard in Resources */ = {isa = PBXBuildFile; fileRef = 26B52D9225B9CC0B002720AB /* LaunchScreen.storyboard */; };
		26B52D9F25B9CC0B002720AB /* axeTests.swift in Sources */ = {isa = PBXBuildFile; fileRef = 26B52D9E25B9CC0B002720AB /* axeTests.swift */; };
		26B52DAA25B9CC0B002720AB /* axeUITests.swift in Sources */ = {isa = PBXBuildFile; fileRef = 26B52DA925B9CC0B002720AB /* axeUITests.swift */; };
		26B52DCC25B9CFCF002720AB /* Book.swift in Sources */ = {isa = PBXBuildFile; fileRef = 26B52DCB25B9CFCF002720AB /* Book.swift */; };
		26B52DD425B9CFEE002720AB /* Review.swift in Sources */ = {isa = PBXBuildFile; fileRef = 26B52DD325B9CFEE002720AB /* Review.swift */; };
		26B52DDA25B9D203002720AB /* Labels.swift in Sources */ = {isa = PBXBuildFile; fileRef = 26B52DD925B9D203002720AB /* Labels.swift */; };
		26B52DE225B9D232002720AB /* FontFamily.swift in Sources */ = {isa = PBXBuildFile; fileRef = 26B52DE125B9D232002720AB /* FontFamily.swift */; };
		26B52DE725B9D23D002720AB /* Colors.swift in Sources */ = {isa = PBXBuildFile; fileRef = 26B52DE625B9D23D002720AB /* Colors.swift */; };
		26E0C8952603895200EB7AA5 /* AxeViewController.swift in Sources */ = {isa = PBXBuildFile; fileRef = 26E0C8942603895200EB7AA5 /* AxeViewController.swift */; };
		26E0C8A0260589A400EB7AA5 /* MainTabBarController.swift in Sources */ = {isa = PBXBuildFile; fileRef = 26E0C89F260589A400EB7AA5 /* MainTabBarController.swift */; };
		26FD8EB625DEB07F006DE20A /* Buttons.swift in Sources */ = {isa = PBXBuildFile; fileRef = 26FD8EB525DEB07F006DE20A /* Buttons.swift */; };
		26FD8EC325DEB3B3006DE20A /* GmarketSansLight.otf in Resources */ = {isa = PBXBuildFile; fileRef = 2647D84225BB09DC00E0B941 /* GmarketSansLight.otf */; };
		26FD8ED12601953B006DE20A /* BookNoteDetailViewController.swift in Sources */ = {isa = PBXBuildFile; fileRef = 26FD8ED02601953B006DE20A /* BookNoteDetailViewController.swift */; };
		26FD8ED92601954A006DE20A /* BookNoteDetailViewModel.swift in Sources */ = {isa = PBXBuildFile; fileRef = 26FD8ED82601954A006DE20A /* BookNoteDetailViewModel.swift */; };
		26FD8EF32601A370006DE20A /* AxeNavigationController.swift in Sources */ = {isa = PBXBuildFile; fileRef = 26FD8EF22601A370006DE20A /* AxeNavigationController.swift */; };
		26FD8EF82601C5AD006DE20A /* BookNoteDetailHeaderView.swift in Sources */ = {isa = PBXBuildFile; fileRef = 26FD8EF72601C5AD006DE20A /* BookNoteDetailHeaderView.swift */; };
		26FD8EFD2601C6B9006DE20A /* BookImageView.swift in Sources */ = {isa = PBXBuildFile; fileRef = 26FD8EFC2601C6B9006DE20A /* BookImageView.swift */; };
		26FD8F022601E3F5006DE20A /* UIViewExtension.swift in Sources */ = {isa = PBXBuildFile; fileRef = 26FD8F012601E3F5006DE20A /* UIViewExtension.swift */; };
		26FD8F4B26022F86006DE20A /* HighlighterButton.swift in Sources */ = {isa = PBXBuildFile; fileRef = 26FD8F4A26022F86006DE20A /* HighlighterButton.swift */; };
		26FD8F6E2602EB3D006DE20A /* BookNoteCell.swift in Sources */ = {isa = PBXBuildFile; fileRef = 26FD8F6D2602EB3C006DE20A /* BookNoteCell.swift */; };
		38BF73FBEF186953CBD8014D /* Pods_axeTests.framework in Frameworks */ = {isa = PBXBuildFile; fileRef = 51F8531296FA8B434B58A638 /* Pods_axeTests.framework */; };
		A5B79C25DA17DE3EFA059672 /* Pods_axe_axeUITests.framework in Frameworks */ = {isa = PBXBuildFile; fileRef = E528F1E6FF460265A1A18BA8 /* Pods_axe_axeUITests.framework */; };
		CB924D3A4BB04E5AE63A891E /* Pods_axe.framework in Frameworks */ = {isa = PBXBuildFile; fileRef = EDD4C43A845B71D7D83DDAEF /* Pods_axe.framework */; };
/* End PBXBuildFile section */

/* Begin PBXContainerItemProxy section */
		26B52D9B25B9CC0B002720AB /* PBXContainerItemProxy */ = {
			isa = PBXContainerItemProxy;
			containerPortal = 26B52D7C25B9CC09002720AB /* Project object */;
			proxyType = 1;
			remoteGlobalIDString = 26B52D8325B9CC09002720AB;
			remoteInfo = axe;
		};
		26B52DA625B9CC0B002720AB /* PBXContainerItemProxy */ = {
			isa = PBXContainerItemProxy;
			containerPortal = 26B52D7C25B9CC09002720AB /* Project object */;
			proxyType = 1;
			remoteGlobalIDString = 26B52D8325B9CC09002720AB;
			remoteInfo = axe;
		};
/* End PBXContainerItemProxy section */

/* Begin PBXFileReference section */
		2647D84125BB09DB00E0B941 /* GmarketSansMedium.otf */ = {isa = PBXFileReference; lastKnownFileType = file; path = GmarketSansMedium.otf; sourceTree = "<group>"; };
		2647D84225BB09DC00E0B941 /* GmarketSansLight.otf */ = {isa = PBXFileReference; lastKnownFileType = file; path = GmarketSansLight.otf; sourceTree = "<group>"; };
		2647D84825BB139B00E0B941 /* UnderLineBtn.swift */ = {isa = PBXFileReference; lastKnownFileType = sourcecode.swift; path = UnderLineBtn.swift; sourceTree = "<group>"; };
		26B52D8425B9CC09002720AB /* axe.app */ = {isa = PBXFileReference; explicitFileType = wrapper.application; includeInIndex = 0; path = axe.app; sourceTree = BUILT_PRODUCTS_DIR; };
		26B52D8725B9CC09002720AB /* AppDelegate.swift */ = {isa = PBXFileReference; lastKnownFileType = sourcecode.swift; path = AppDelegate.swift; sourceTree = "<group>"; };
		26B52D8925B9CC09002720AB /* SceneDelegate.swift */ = {isa = PBXFileReference; lastKnownFileType = sourcecode.swift; path = SceneDelegate.swift; sourceTree = "<group>"; };
		26B52D9025B9CC0B002720AB /* Assets.xcassets */ = {isa = PBXFileReference; lastKnownFileType = folder.assetcatalog; path = Assets.xcassets; sourceTree = "<group>"; };
		26B52D9325B9CC0B002720AB /* Base */ = {isa = PBXFileReference; lastKnownFileType = file.storyboard; name = Base; path = Base.lproj/LaunchScreen.storyboard; sourceTree = "<group>"; };
		26B52D9525B9CC0B002720AB /* Info.plist */ = {isa = PBXFileReference; lastKnownFileType = text.plist.xml; path = Info.plist; sourceTree = "<group>"; };
		26B52D9A25B9CC0B002720AB /* axeTests.xctest */ = {isa = PBXFileReference; explicitFileType = wrapper.cfbundle; includeInIndex = 0; path = axeTests.xctest; sourceTree = BUILT_PRODUCTS_DIR; };
		26B52D9E25B9CC0B002720AB /* axeTests.swift */ = {isa = PBXFileReference; lastKnownFileType = sourcecode.swift; path = axeTests.swift; sourceTree = "<group>"; };
		26B52DA025B9CC0B002720AB /* Info.plist */ = {isa = PBXFileReference; lastKnownFileType = text.plist.xml; path = Info.plist; sourceTree = "<group>"; };
		26B52DA525B9CC0B002720AB /* axeUITests.xctest */ = {isa = PBXFileReference; explicitFileType = wrapper.cfbundle; includeInIndex = 0; path = axeUITests.xctest; sourceTree = BUILT_PRODUCTS_DIR; };
		26B52DA925B9CC0B002720AB /* axeUITests.swift */ = {isa = PBXFileReference; lastKnownFileType = sourcecode.swift; path = axeUITests.swift; sourceTree = "<group>"; };
		26B52DAB25B9CC0B002720AB /* Info.plist */ = {isa = PBXFileReference; lastKnownFileType = text.plist.xml; path = Info.plist; sourceTree = "<group>"; };
		26B52DCB25B9CFCF002720AB /* Book.swift */ = {isa = PBXFileReference; lastKnownFileType = sourcecode.swift; path = Book.swift; sourceTree = "<group>"; };
		26B52DD325B9CFEE002720AB /* Review.swift */ = {isa = PBXFileReference; lastKnownFileType = sourcecode.swift; path = Review.swift; sourceTree = "<group>"; };
		26B52DD925B9D203002720AB /* Labels.swift */ = {isa = PBXFileReference; lastKnownFileType = sourcecode.swift; path = Labels.swift; sourceTree = "<group>"; };
		26B52DE125B9D232002720AB /* FontFamily.swift */ = {isa = PBXFileReference; lastKnownFileType = sourcecode.swift; path = FontFamily.swift; sourceTree = "<group>"; };
		26B52DE625B9D23D002720AB /* Colors.swift */ = {isa = PBXFileReference; lastKnownFileType = sourcecode.swift; path = Colors.swift; sourceTree = "<group>"; };
		26E0C8942603895200EB7AA5 /* AxeViewController.swift */ = {isa = PBXFileReference; lastKnownFileType = sourcecode.swift; path = AxeViewController.swift; sourceTree = "<group>"; };
		26E0C89F260589A400EB7AA5 /* MainTabBarController.swift */ = {isa = PBXFileReference; lastKnownFileType = sourcecode.swift; path = MainTabBarController.swift; sourceTree = "<group>"; };
		26FD8EB525DEB07F006DE20A /* Buttons.swift */ = {isa = PBXFileReference; lastKnownFileType = sourcecode.swift; path = Buttons.swift; sourceTree = "<group>"; };
		26FD8ED02601953B006DE20A /* BookNoteDetailViewController.swift */ = {isa = PBXFileReference; lastKnownFileType = sourcecode.swift; path = BookNoteDetailViewController.swift; sourceTree = "<group>"; };
		26FD8ED82601954A006DE20A /* BookNoteDetailViewModel.swift */ = {isa = PBXFileReference; lastKnownFileType = sourcecode.swift; path = BookNoteDetailViewModel.swift; sourceTree = "<group>"; };
		26FD8EF22601A370006DE20A /* AxeNavigationController.swift */ = {isa = PBXFileReference; lastKnownFileType = sourcecode.swift; path = AxeNavigationController.swift; sourceTree = "<group>"; };
		26FD8EF72601C5AD006DE20A /* BookNoteDetailHeaderView.swift */ = {isa = PBXFileReference; lastKnownFileType = sourcecode.swift; path = BookNoteDetailHeaderView.swift; sourceTree = "<group>"; };
		26FD8EFC2601C6B9006DE20A /* BookImageView.swift */ = {isa = PBXFileReference; lastKnownFileType = sourcecode.swift; path = BookImageView.swift; sourceTree = "<group>"; };
		26FD8F012601E3F5006DE20A /* UIViewExtension.swift */ = {isa = PBXFileReference; lastKnownFileType = sourcecode.swift; path = UIViewExtension.swift; sourceTree = "<group>"; };
		26FD8F4A26022F86006DE20A /* HighlighterButton.swift */ = {isa = PBXFileReference; lastKnownFileType = sourcecode.swift; path = HighlighterButton.swift; sourceTree = "<group>"; };
		26FD8F6D2602EB3C006DE20A /* BookNoteCell.swift */ = {isa = PBXFileReference; lastKnownFileType = sourcecode.swift; path = BookNoteCell.swift; sourceTree = "<group>"; };
		38C918B022DFDA10046E764D /* Pods-axe.release.xcconfig */ = {isa = PBXFileReference; includeInIndex = 1; lastKnownFileType = text.xcconfig; name = "Pods-axe.release.xcconfig"; path = "Target Support Files/Pods-axe/Pods-axe.release.xcconfig"; sourceTree = "<group>"; };
		4F8480A3E7864486E50DCB8B /* Pods-axe-axeUITests.debug.xcconfig */ = {isa = PBXFileReference; includeInIndex = 1; lastKnownFileType = text.xcconfig; name = "Pods-axe-axeUITests.debug.xcconfig"; path = "Target Support Files/Pods-axe-axeUITests/Pods-axe-axeUITests.debug.xcconfig"; sourceTree = "<group>"; };
		51F8531296FA8B434B58A638 /* Pods_axeTests.framework */ = {isa = PBXFileReference; explicitFileType = wrapper.framework; includeInIndex = 0; path = Pods_axeTests.framework; sourceTree = BUILT_PRODUCTS_DIR; };
		56FCAA949C7D84F76B92F91F /* Pods-axeTests.release.xcconfig */ = {isa = PBXFileReference; includeInIndex = 1; lastKnownFileType = text.xcconfig; name = "Pods-axeTests.release.xcconfig"; path = "Target Support Files/Pods-axeTests/Pods-axeTests.release.xcconfig"; sourceTree = "<group>"; };
		6D9188DC160E6AA7C2CE8FBC /* Pods-axeTests.debug.xcconfig */ = {isa = PBXFileReference; includeInIndex = 1; lastKnownFileType = text.xcconfig; name = "Pods-axeTests.debug.xcconfig"; path = "Target Support Files/Pods-axeTests/Pods-axeTests.debug.xcconfig"; sourceTree = "<group>"; };
		960404CF3473A966E94E090B /* Pods-axe.debug.xcconfig */ = {isa = PBXFileReference; includeInIndex = 1; lastKnownFileType = text.xcconfig; name = "Pods-axe.debug.xcconfig"; path = "Target Support Files/Pods-axe/Pods-axe.debug.xcconfig"; sourceTree = "<group>"; };
		E528F1E6FF460265A1A18BA8 /* Pods_axe_axeUITests.framework */ = {isa = PBXFileReference; explicitFileType = wrapper.framework; includeInIndex = 0; path = Pods_axe_axeUITests.framework; sourceTree = BUILT_PRODUCTS_DIR; };
		EDD4C43A845B71D7D83DDAEF /* Pods_axe.framework */ = {isa = PBXFileReference; explicitFileType = wrapper.framework; includeInIndex = 0; path = Pods_axe.framework; sourceTree = BUILT_PRODUCTS_DIR; };
		F0ABE62891F75ACEB593E931 /* Pods-axe-axeUITests.release.xcconfig */ = {isa = PBXFileReference; includeInIndex = 1; lastKnownFileType = text.xcconfig; name = "Pods-axe-axeUITests.release.xcconfig"; path = "Target Support Files/Pods-axe-axeUITests/Pods-axe-axeUITests.release.xcconfig"; sourceTree = "<group>"; };
/* End PBXFileReference section */

/* Begin PBXFrameworksBuildPhase section */
		26B52D8125B9CC09002720AB /* Frameworks */ = {
			isa = PBXFrameworksBuildPhase;
			buildActionMask = 2147483647;
			files = (
				CB924D3A4BB04E5AE63A891E /* Pods_axe.framework in Frameworks */,
			);
			runOnlyForDeploymentPostprocessing = 0;
		};
		26B52D9725B9CC0B002720AB /* Frameworks */ = {
			isa = PBXFrameworksBuildPhase;
			buildActionMask = 2147483647;
			files = (
				38BF73FBEF186953CBD8014D /* Pods_axeTests.framework in Frameworks */,
			);
			runOnlyForDeploymentPostprocessing = 0;
		};
		26B52DA225B9CC0B002720AB /* Frameworks */ = {
			isa = PBXFrameworksBuildPhase;
			buildActionMask = 2147483647;
			files = (
				A5B79C25DA17DE3EFA059672 /* Pods_axe_axeUITests.framework in Frameworks */,
			);
			runOnlyForDeploymentPostprocessing = 0;
		};
/* End PBXFrameworksBuildPhase section */

/* Begin PBXGroup section */
		2647D84025BB097F00E0B941 /* Font */ = {
			isa = PBXGroup;
			children = (
				2647D84225BB09DC00E0B941 /* GmarketSansLight.otf */,
				2647D84125BB09DB00E0B941 /* GmarketSansMedium.otf */,
			);
			path = Font;
			sourceTree = "<group>";
		};
		26B52D7B25B9CC09002720AB = {
			isa = PBXGroup;
			children = (
				26B52D8625B9CC09002720AB /* axe */,
				26B52D9D25B9CC0B002720AB /* axeTests */,
				26B52DA825B9CC0B002720AB /* axeUITests */,
				26B52D8525B9CC09002720AB /* Products */,
				9FAD2190F682C656B3E1650F /* Pods */,
				E6E0EB0F0D417EB0C6B278E1 /* Frameworks */,
			);
			sourceTree = "<group>";
		};
		26B52D8525B9CC09002720AB /* Products */ = {
			isa = PBXGroup;
			children = (
				26B52D8425B9CC09002720AB /* axe.app */,
				26B52D9A25B9CC0B002720AB /* axeTests.xctest */,
				26B52DA525B9CC0B002720AB /* axeUITests.xctest */,
			);
			name = Products;
			sourceTree = "<group>";
		};
		26B52D8625B9CC09002720AB /* axe */ = {
			isa = PBXGroup;
			children = (
				26B52D8725B9CC09002720AB /* AppDelegate.swift */,
				26B52D8925B9CC09002720AB /* SceneDelegate.swift */,
				26B52D9525B9CC0B002720AB /* Info.plist */,
				26B52DC825B9CF56002720AB /* Resource */,
				26B52DC925B9CF87002720AB /* Source */,
			);
			path = axe;
			sourceTree = "<group>";
		};
		26B52D9D25B9CC0B002720AB /* axeTests */ = {
			isa = PBXGroup;
			children = (
				26B52D9E25B9CC0B002720AB /* axeTests.swift */,
				26B52DA025B9CC0B002720AB /* Info.plist */,
			);
			path = axeTests;
			sourceTree = "<group>";
		};
		26B52DA825B9CC0B002720AB /* axeUITests */ = {
			isa = PBXGroup;
			children = (
				26B52DA925B9CC0B002720AB /* axeUITests.swift */,
				26B52DAB25B9CC0B002720AB /* Info.plist */,
			);
			path = axeUITests;
			sourceTree = "<group>";
		};
		26B52DC825B9CF56002720AB /* Resource */ = {
			isa = PBXGroup;
			children = (
				2647D84025BB097F00E0B941 /* Font */,
				26B52D9025B9CC0B002720AB /* Assets.xcassets */,
				26B52D9225B9CC0B002720AB /* LaunchScreen.storyboard */,
			);
			path = Resource;
			sourceTree = "<group>";
		};
		26B52DC925B9CF87002720AB /* Source */ = {
			isa = PBXGroup;
			children = (
				26B52DD825B9D1F5002720AB /* Custom */,
				26B52DCA25B9CFBE002720AB /* Entities */,
				26FD8EA825DEAFE7006DE20A /* Presentations */,
			);
			path = Source;
			sourceTree = "<group>";
		};
		26B52DCA25B9CFBE002720AB /* Entities */ = {
			isa = PBXGroup;
			children = (
				26B52DCB25B9CFCF002720AB /* Book.swift */,
				26B52DD325B9CFEE002720AB /* Review.swift */,
			);
			path = Entities;
			sourceTree = "<group>";
		};
		26B52DD825B9D1F5002720AB /* Custom */ = {
			isa = PBXGroup;
			children = (
				26B52DD925B9D203002720AB /* Labels.swift */,
				26B52DE125B9D232002720AB /* FontFamily.swift */,
				26B52DE625B9D23D002720AB /* Colors.swift */,
				2647D84825BB139B00E0B941 /* UnderLineBtn.swift */,
				26FD8EB525DEB07F006DE20A /* Buttons.swift */,
				26FD8EF22601A370006DE20A /* AxeNavigationController.swift */,
				26FD8F012601E3F5006DE20A /* UIViewExtension.swift */,
				26E0C8942603895200EB7AA5 /* AxeViewController.swift */,
			);
			path = Custom;
			sourceTree = "<group>";
		};
		26E0C8902603846800EB7AA5 /* BookNoteListViewController */ = {
			isa = PBXGroup;
			children = (
			);
			path = BookNoteListViewController;
			sourceTree = "<group>";
		};
		26FD8EA825DEAFE7006DE20A /* Presentations */ = {
			isa = PBXGroup;
			children = (
				26E0C8902603846800EB7AA5 /* BookNoteListViewController */,
				26FD8ECF26019521006DE20A /* BookNoteDetailViewcontroller */,
				26FD8EA925DEAFFC006DE20A /* MainTabBarController */,
			);
			path = Presentations;
			sourceTree = "<group>";
		};
		26FD8EA925DEAFFC006DE20A /* MainTabBarController */ = {
			isa = PBXGroup;
			children = (
				26E0C89F260589A400EB7AA5 /* MainTabBarController.swift */,
			);
			path = MainTabBarController;
			sourceTree = "<group>";
		};
		26FD8ECF26019521006DE20A /* BookNoteDetailViewcontroller */ = {
			isa = PBXGroup;
			children = (
				26FD8EDE26019561006DE20A /* Components */,
				26FD8ED02601953B006DE20A /* BookNoteDetailViewController.swift */,
				26FD8ED82601954A006DE20A /* BookNoteDetailViewModel.swift */,
			);
			path = BookNoteDetailViewcontroller;
			sourceTree = "<group>";
		};
		26FD8EDE26019561006DE20A /* Components */ = {
			isa = PBXGroup;
			children = (
				26FD8EF72601C5AD006DE20A /* BookNoteDetailHeaderView.swift */,
				26FD8EFC2601C6B9006DE20A /* BookImageView.swift */,
				26FD8F4A26022F86006DE20A /* HighlighterButton.swift */,
				26FD8F6D2602EB3C006DE20A /* BookNoteCell.swift */,
			);
			path = Components;
			sourceTree = "<group>";
		};
		9FAD2190F682C656B3E1650F /* Pods */ = {
			isa = PBXGroup;
			children = (
				960404CF3473A966E94E090B /* Pods-axe.debug.xcconfig */,
				38C918B022DFDA10046E764D /* Pods-axe.release.xcconfig */,
				4F8480A3E7864486E50DCB8B /* Pods-axe-axeUITests.debug.xcconfig */,
				F0ABE62891F75ACEB593E931 /* Pods-axe-axeUITests.release.xcconfig */,
				6D9188DC160E6AA7C2CE8FBC /* Pods-axeTests.debug.xcconfig */,
				56FCAA949C7D84F76B92F91F /* Pods-axeTests.release.xcconfig */,
			);
			path = Pods;
			sourceTree = "<group>";
		};
		E6E0EB0F0D417EB0C6B278E1 /* Frameworks */ = {
			isa = PBXGroup;
			children = (
				EDD4C43A845B71D7D83DDAEF /* Pods_axe.framework */,
				E528F1E6FF460265A1A18BA8 /* Pods_axe_axeUITests.framework */,
				51F8531296FA8B434B58A638 /* Pods_axeTests.framework */,
			);
			name = Frameworks;
			sourceTree = "<group>";
		};
/* End PBXGroup section */

/* Begin PBXNativeTarget section */
		26B52D8325B9CC09002720AB /* axe */ = {
			isa = PBXNativeTarget;
			buildConfigurationList = 26B52DAE25B9CC0B002720AB /* Build configuration list for PBXNativeTarget "axe" */;
			buildPhases = (
				D6A1D73054F8C2AD750CB6A5 /* [CP] Check Pods Manifest.lock */,
				26B52D8025B9CC09002720AB /* Sources */,
				26B52D8125B9CC09002720AB /* Frameworks */,
				26B52D8225B9CC09002720AB /* Resources */,
				F0D91C7D871D9FDF6611CB95 /* [CP] Embed Pods Frameworks */,
			);
			buildRules = (
			);
			dependencies = (
			);
			name = axe;
			productName = axe;
			productReference = 26B52D8425B9CC09002720AB /* axe.app */;
			productType = "com.apple.product-type.application";
		};
		26B52D9925B9CC0B002720AB /* axeTests */ = {
			isa = PBXNativeTarget;
			buildConfigurationList = 26B52DB125B9CC0B002720AB /* Build configuration list for PBXNativeTarget "axeTests" */;
			buildPhases = (
				4141BC8F365A9D6635C05E77 /* [CP] Check Pods Manifest.lock */,
				26B52D9625B9CC0B002720AB /* Sources */,
				26B52D9725B9CC0B002720AB /* Frameworks */,
				26B52D9825B9CC0B002720AB /* Resources */,
			);
			buildRules = (
			);
			dependencies = (
				26B52D9C25B9CC0B002720AB /* PBXTargetDependency */,
			);
			name = axeTests;
			productName = axeTests;
			productReference = 26B52D9A25B9CC0B002720AB /* axeTests.xctest */;
			productType = "com.apple.product-type.bundle.unit-test";
		};
		26B52DA425B9CC0B002720AB /* axeUITests */ = {
			isa = PBXNativeTarget;
			buildConfigurationList = 26B52DB425B9CC0B002720AB /* Build configuration list for PBXNativeTarget "axeUITests" */;
			buildPhases = (
				5F8C0B3410A5069CCE135F14 /* [CP] Check Pods Manifest.lock */,
				26B52DA125B9CC0B002720AB /* Sources */,
				26B52DA225B9CC0B002720AB /* Frameworks */,
				26B52DA325B9CC0B002720AB /* Resources */,
				BA397053ADCED8B90FBB0EE7 /* [CP] Embed Pods Frameworks */,
			);
			buildRules = (
			);
			dependencies = (
				26B52DA725B9CC0B002720AB /* PBXTargetDependency */,
			);
			name = axeUITests;
			productName = axeUITests;
			productReference = 26B52DA525B9CC0B002720AB /* axeUITests.xctest */;
			productType = "com.apple.product-type.bundle.ui-testing";
		};
/* End PBXNativeTarget section */

/* Begin PBXProject section */
		26B52D7C25B9CC09002720AB /* Project object */ = {
			isa = PBXProject;
			attributes = {
				LastSwiftUpdateCheck = 1230;
				LastUpgradeCheck = 1230;
				TargetAttributes = {
					26B52D8325B9CC09002720AB = {
						CreatedOnToolsVersion = 12.3;
					};
					26B52D9925B9CC0B002720AB = {
						CreatedOnToolsVersion = 12.3;
						TestTargetID = 26B52D8325B9CC09002720AB;
					};
					26B52DA425B9CC0B002720AB = {
						CreatedOnToolsVersion = 12.3;
						TestTargetID = 26B52D8325B9CC09002720AB;
					};
				};
			};
			buildConfigurationList = 26B52D7F25B9CC09002720AB /* Build configuration list for PBXProject "axe" */;
			compatibilityVersion = "Xcode 9.3";
			developmentRegion = en;
			hasScannedForEncodings = 0;
			knownRegions = (
				en,
				Base,
			);
			mainGroup = 26B52D7B25B9CC09002720AB;
			productRefGroup = 26B52D8525B9CC09002720AB /* Products */;
			projectDirPath = "";
			projectRoot = "";
			targets = (
				26B52D8325B9CC09002720AB /* axe */,
				26B52D9925B9CC0B002720AB /* axeTests */,
				26B52DA425B9CC0B002720AB /* axeUITests */,
			);
		};
/* End PBXProject section */

/* Begin PBXResourcesBuildPhase section */
		26B52D8225B9CC09002720AB /* Resources */ = {
			isa = PBXResourcesBuildPhase;
			buildActionMask = 2147483647;
			files = (
				2647D84325BB09DC00E0B941 /* GmarketSansMedium.otf in Resources */,
				26FD8EC325DEB3B3006DE20A /* GmarketSansLight.otf in Resources */,
				26B52D9425B9CC0B002720AB /* LaunchScreen.storyboard in Resources */,
				26B52D9125B9CC0B002720AB /* Assets.xcassets in Resources */,
			);
			runOnlyForDeploymentPostprocessing = 0;
		};
		26B52D9825B9CC0B002720AB /* Resources */ = {
			isa = PBXResourcesBuildPhase;
			buildActionMask = 2147483647;
			files = (
			);
			runOnlyForDeploymentPostprocessing = 0;
		};
		26B52DA325B9CC0B002720AB /* Resources */ = {
			isa = PBXResourcesBuildPhase;
			buildActionMask = 2147483647;
			files = (
			);
			runOnlyForDeploymentPostprocessing = 0;
		};
/* End PBXResourcesBuildPhase section */

/* Begin PBXShellScriptBuildPhase section */
		4141BC8F365A9D6635C05E77 /* [CP] Check Pods Manifest.lock */ = {
			isa = PBXShellScriptBuildPhase;
			buildActionMask = 2147483647;
			files = (
			);
			inputFileListPaths = (
			);
			inputPaths = (
				"${PODS_PODFILE_DIR_PATH}/Podfile.lock",
				"${PODS_ROOT}/Manifest.lock",
			);
			name = "[CP] Check Pods Manifest.lock";
			outputFileListPaths = (
			);
			outputPaths = (
				"$(DERIVED_FILE_DIR)/Pods-axeTests-checkManifestLockResult.txt",
			);
			runOnlyForDeploymentPostprocessing = 0;
			shellPath = /bin/sh;
			shellScript = "diff \"${PODS_PODFILE_DIR_PATH}/Podfile.lock\" \"${PODS_ROOT}/Manifest.lock\" > /dev/null\nif [ $? != 0 ] ; then\n    # print error to STDERR\n    echo \"error: The sandbox is not in sync with the Podfile.lock. Run 'pod install' or update your CocoaPods installation.\" >&2\n    exit 1\nfi\n# This output is used by Xcode 'outputs' to avoid re-running this script phase.\necho \"SUCCESS\" > \"${SCRIPT_OUTPUT_FILE_0}\"\n";
			showEnvVarsInLog = 0;
		};
		5F8C0B3410A5069CCE135F14 /* [CP] Check Pods Manifest.lock */ = {
			isa = PBXShellScriptBuildPhase;
			buildActionMask = 2147483647;
			files = (
			);
			inputFileListPaths = (
			);
			inputPaths = (
				"${PODS_PODFILE_DIR_PATH}/Podfile.lock",
				"${PODS_ROOT}/Manifest.lock",
			);
			name = "[CP] Check Pods Manifest.lock";
			outputFileListPaths = (
			);
			outputPaths = (
				"$(DERIVED_FILE_DIR)/Pods-axe-axeUITests-checkManifestLockResult.txt",
			);
			runOnlyForDeploymentPostprocessing = 0;
			shellPath = /bin/sh;
			shellScript = "diff \"${PODS_PODFILE_DIR_PATH}/Podfile.lock\" \"${PODS_ROOT}/Manifest.lock\" > /dev/null\nif [ $? != 0 ] ; then\n    # print error to STDERR\n    echo \"error: The sandbox is not in sync with the Podfile.lock. Run 'pod install' or update your CocoaPods installation.\" >&2\n    exit 1\nfi\n# This output is used by Xcode 'outputs' to avoid re-running this script phase.\necho \"SUCCESS\" > \"${SCRIPT_OUTPUT_FILE_0}\"\n";
			showEnvVarsInLog = 0;
		};
		BA397053ADCED8B90FBB0EE7 /* [CP] Embed Pods Frameworks */ = {
			isa = PBXShellScriptBuildPhase;
			buildActionMask = 2147483647;
			files = (
			);
			inputFileListPaths = (
				"${PODS_ROOT}/Target Support Files/Pods-axe-axeUITests/Pods-axe-axeUITests-frameworks-${CONFIGURATION}-input-files.xcfilelist",
			);
			name = "[CP] Embed Pods Frameworks";
			outputFileListPaths = (
				"${PODS_ROOT}/Target Support Files/Pods-axe-axeUITests/Pods-axe-axeUITests-frameworks-${CONFIGURATION}-output-files.xcfilelist",
			);
			runOnlyForDeploymentPostprocessing = 0;
			shellPath = /bin/sh;
			shellScript = "\"${PODS_ROOT}/Target Support Files/Pods-axe-axeUITests/Pods-axe-axeUITests-frameworks.sh\"\n";
			showEnvVarsInLog = 0;
		};
		D6A1D73054F8C2AD750CB6A5 /* [CP] Check Pods Manifest.lock */ = {
			isa = PBXShellScriptBuildPhase;
			buildActionMask = 2147483647;
			files = (
			);
			inputFileListPaths = (
			);
			inputPaths = (
				"${PODS_PODFILE_DIR_PATH}/Podfile.lock",
				"${PODS_ROOT}/Manifest.lock",
			);
			name = "[CP] Check Pods Manifest.lock";
			outputFileListPaths = (
			);
			outputPaths = (
				"$(DERIVED_FILE_DIR)/Pods-axe-checkManifestLockResult.txt",
			);
			runOnlyForDeploymentPostprocessing = 0;
			shellPath = /bin/sh;
			shellScript = "diff \"${PODS_PODFILE_DIR_PATH}/Podfile.lock\" \"${PODS_ROOT}/Manifest.lock\" > /dev/null\nif [ $? != 0 ] ; then\n    # print error to STDERR\n    echo \"error: The sandbox is not in sync with the Podfile.lock. Run 'pod install' or update your CocoaPods installation.\" >&2\n    exit 1\nfi\n# This output is used by Xcode 'outputs' to avoid re-running this script phase.\necho \"SUCCESS\" > \"${SCRIPT_OUTPUT_FILE_0}\"\n";
			showEnvVarsInLog = 0;
		};
		F0D91C7D871D9FDF6611CB95 /* [CP] Embed Pods Frameworks */ = {
			isa = PBXShellScriptBuildPhase;
			buildActionMask = 2147483647;
			files = (
			);
			inputFileListPaths = (
				"${PODS_ROOT}/Target Support Files/Pods-axe/Pods-axe-frameworks-${CONFIGURATION}-input-files.xcfilelist",
			);
			name = "[CP] Embed Pods Frameworks";
			outputFileListPaths = (
				"${PODS_ROOT}/Target Support Files/Pods-axe/Pods-axe-frameworks-${CONFIGURATION}-output-files.xcfilelist",
			);
			runOnlyForDeploymentPostprocessing = 0;
			shellPath = /bin/sh;
			shellScript = "\"${PODS_ROOT}/Target Support Files/Pods-axe/Pods-axe-frameworks.sh\"\n";
			showEnvVarsInLog = 0;
		};
/* End PBXShellScriptBuildPhase section */

/* Begin PBXSourcesBuildPhase section */
		26B52D8025B9CC09002720AB /* Sources */ = {
			isa = PBXSourcesBuildPhase;
			buildActionMask = 2147483647;
			files = (
				26B52DD425B9CFEE002720AB /* Review.swift in Sources */,
				26FD8EFD2601C6B9006DE20A /* BookImageView.swift in Sources */,
				26E0C8952603895200EB7AA5 /* AxeViewController.swift in Sources */,
				26B52DE725B9D23D002720AB /* Colors.swift in Sources */,
				26B52DCC25B9CFCF002720AB /* Book.swift in Sources */,
				26FD8F6E2602EB3D006DE20A /* BookNoteCell.swift in Sources */,
				26B52DDA25B9D203002720AB /* Labels.swift in Sources */,
				26FD8ED92601954A006DE20A /* BookNoteDetailViewModel.swift in Sources */,
				26FD8F022601E3F5006DE20A /* UIViewExtension.swift in Sources */,
				26FD8EF32601A370006DE20A /* AxeNavigationController.swift in Sources */,
				2647D84925BB139B00E0B941 /* UnderLineBtn.swift in Sources */,
				26FD8EB625DEB07F006DE20A /* Buttons.swift in Sources */,
				26FD8ED12601953B006DE20A /* BookNoteDetailViewController.swift in Sources */,
				26E0C8A0260589A400EB7AA5 /* MainTabBarController.swift in Sources */,
				26FD8EF82601C5AD006DE20A /* BookNoteDetailHeaderView.swift in Sources */,
				26B52D8825B9CC09002720AB /* AppDelegate.swift in Sources */,
				26B52DE225B9D232002720AB /* FontFamily.swift in Sources */,
				26FD8F4B26022F86006DE20A /* HighlighterButton.swift in Sources */,
				26B52D8A25B9CC09002720AB /* SceneDelegate.swift in Sources */,
			);
			runOnlyForDeploymentPostprocessing = 0;
		};
		26B52D9625B9CC0B002720AB /* Sources */ = {
			isa = PBXSourcesBuildPhase;
			buildActionMask = 2147483647;
			files = (
				26B52D9F25B9CC0B002720AB /* axeTests.swift in Sources */,
			);
			runOnlyForDeploymentPostprocessing = 0;
		};
		26B52DA125B9CC0B002720AB /* Sources */ = {
			isa = PBXSourcesBuildPhase;
			buildActionMask = 2147483647;
			files = (
				26B52DAA25B9CC0B002720AB /* axeUITests.swift in Sources */,
			);
			runOnlyForDeploymentPostprocessing = 0;
		};
/* End PBXSourcesBuildPhase section */

/* Begin PBXTargetDependency section */
		26B52D9C25B9CC0B002720AB /* PBXTargetDependency */ = {
			isa = PBXTargetDependency;
			target = 26B52D8325B9CC09002720AB /* axe */;
			targetProxy = 26B52D9B25B9CC0B002720AB /* PBXContainerItemProxy */;
		};
		26B52DA725B9CC0B002720AB /* PBXTargetDependency */ = {
			isa = PBXTargetDependency;
			target = 26B52D8325B9CC09002720AB /* axe */;
			targetProxy = 26B52DA625B9CC0B002720AB /* PBXContainerItemProxy */;
		};
/* End PBXTargetDependency section */

/* Begin PBXVariantGroup section */
		26B52D9225B9CC0B002720AB /* LaunchScreen.storyboard */ = {
			isa = PBXVariantGroup;
			children = (
				26B52D9325B9CC0B002720AB /* Base */,
			);
			name = LaunchScreen.storyboard;
			sourceTree = "<group>";
		};
/* End PBXVariantGroup section */

/* Begin XCBuildConfiguration section */
		26B52DAC25B9CC0B002720AB /* Debug */ = {
			isa = XCBuildConfiguration;
			buildSettings = {
				ALWAYS_SEARCH_USER_PATHS = NO;
				CLANG_ANALYZER_NONNULL = YES;
				CLANG_ANALYZER_NUMBER_OBJECT_CONVERSION = YES_AGGRESSIVE;
				CLANG_CXX_LANGUAGE_STANDARD = "gnu++14";
				CLANG_CXX_LIBRARY = "libc++";
				CLANG_ENABLE_MODULES = YES;
				CLANG_ENABLE_OBJC_ARC = YES;
				CLANG_ENABLE_OBJC_WEAK = YES;
				CLANG_WARN_BLOCK_CAPTURE_AUTORELEASING = YES;
				CLANG_WARN_BOOL_CONVERSION = YES;
				CLANG_WARN_COMMA = YES;
				CLANG_WARN_CONSTANT_CONVERSION = YES;
				CLANG_WARN_DEPRECATED_OBJC_IMPLEMENTATIONS = YES;
				CLANG_WARN_DIRECT_OBJC_ISA_USAGE = YES_ERROR;
				CLANG_WARN_DOCUMENTATION_COMMENTS = YES;
				CLANG_WARN_EMPTY_BODY = YES;
				CLANG_WARN_ENUM_CONVERSION = YES;
				CLANG_WARN_INFINITE_RECURSION = YES;
				CLANG_WARN_INT_CONVERSION = YES;
				CLANG_WARN_NON_LITERAL_NULL_CONVERSION = YES;
				CLANG_WARN_OBJC_IMPLICIT_RETAIN_SELF = YES;
				CLANG_WARN_OBJC_LITERAL_CONVERSION = YES;
				CLANG_WARN_OBJC_ROOT_CLASS = YES_ERROR;
				CLANG_WARN_QUOTED_INCLUDE_IN_FRAMEWORK_HEADER = YES;
				CLANG_WARN_RANGE_LOOP_ANALYSIS = YES;
				CLANG_WARN_STRICT_PROTOTYPES = YES;
				CLANG_WARN_SUSPICIOUS_MOVE = YES;
				CLANG_WARN_UNGUARDED_AVAILABILITY = YES_AGGRESSIVE;
				CLANG_WARN_UNREACHABLE_CODE = YES;
				CLANG_WARN__DUPLICATE_METHOD_MATCH = YES;
				COPY_PHASE_STRIP = NO;
				DEBUG_INFORMATION_FORMAT = dwarf;
				ENABLE_STRICT_OBJC_MSGSEND = YES;
				ENABLE_TESTABILITY = YES;
				GCC_C_LANGUAGE_STANDARD = gnu11;
				GCC_DYNAMIC_NO_PIC = NO;
				GCC_NO_COMMON_BLOCKS = YES;
				GCC_OPTIMIZATION_LEVEL = 0;
				GCC_PREPROCESSOR_DEFINITIONS = (
					"DEBUG=1",
					"$(inherited)",
				);
				GCC_WARN_64_TO_32_BIT_CONVERSION = YES;
				GCC_WARN_ABOUT_RETURN_TYPE = YES_ERROR;
				GCC_WARN_UNDECLARED_SELECTOR = YES;
				GCC_WARN_UNINITIALIZED_AUTOS = YES_AGGRESSIVE;
				GCC_WARN_UNUSED_FUNCTION = YES;
				GCC_WARN_UNUSED_VARIABLE = YES;
				IPHONEOS_DEPLOYMENT_TARGET = 13.0;
				MTL_ENABLE_DEBUG_INFO = INCLUDE_SOURCE;
				MTL_FAST_MATH = YES;
				ONLY_ACTIVE_ARCH = YES;
				SDKROOT = iphoneos;
				SWIFT_ACTIVE_COMPILATION_CONDITIONS = DEBUG;
				SWIFT_OPTIMIZATION_LEVEL = "-Onone";
			};
			name = Debug;
		};
		26B52DAD25B9CC0B002720AB /* Release */ = {
			isa = XCBuildConfiguration;
			buildSettings = {
				ALWAYS_SEARCH_USER_PATHS = NO;
				CLANG_ANALYZER_NONNULL = YES;
				CLANG_ANALYZER_NUMBER_OBJECT_CONVERSION = YES_AGGRESSIVE;
				CLANG_CXX_LANGUAGE_STANDARD = "gnu++14";
				CLANG_CXX_LIBRARY = "libc++";
				CLANG_ENABLE_MODULES = YES;
				CLANG_ENABLE_OBJC_ARC = YES;
				CLANG_ENABLE_OBJC_WEAK = YES;
				CLANG_WARN_BLOCK_CAPTURE_AUTORELEASING = YES;
				CLANG_WARN_BOOL_CONVERSION = YES;
				CLANG_WARN_COMMA = YES;
				CLANG_WARN_CONSTANT_CONVERSION = YES;
				CLANG_WARN_DEPRECATED_OBJC_IMPLEMENTATIONS = YES;
				CLANG_WARN_DIRECT_OBJC_ISA_USAGE = YES_ERROR;
				CLANG_WARN_DOCUMENTATION_COMMENTS = YES;
				CLANG_WARN_EMPTY_BODY = YES;
				CLANG_WARN_ENUM_CONVERSION = YES;
				CLANG_WARN_INFINITE_RECURSION = YES;
				CLANG_WARN_INT_CONVERSION = YES;
				CLANG_WARN_NON_LITERAL_NULL_CONVERSION = YES;
				CLANG_WARN_OBJC_IMPLICIT_RETAIN_SELF = YES;
				CLANG_WARN_OBJC_LITERAL_CONVERSION = YES;
				CLANG_WARN_OBJC_ROOT_CLASS = YES_ERROR;
				CLANG_WARN_QUOTED_INCLUDE_IN_FRAMEWORK_HEADER = YES;
				CLANG_WARN_RANGE_LOOP_ANALYSIS = YES;
				CLANG_WARN_STRICT_PROTOTYPES = YES;
				CLANG_WARN_SUSPICIOUS_MOVE = YES;
				CLANG_WARN_UNGUARDED_AVAILABILITY = YES_AGGRESSIVE;
				CLANG_WARN_UNREACHABLE_CODE = YES;
				CLANG_WARN__DUPLICATE_METHOD_MATCH = YES;
				COPY_PHASE_STRIP = NO;
				DEBUG_INFORMATION_FORMAT = "dwarf-with-dsym";
				ENABLE_NS_ASSERTIONS = NO;
				ENABLE_STRICT_OBJC_MSGSEND = YES;
				GCC_C_LANGUAGE_STANDARD = gnu11;
				GCC_NO_COMMON_BLOCKS = YES;
				GCC_WARN_64_TO_32_BIT_CONVERSION = YES;
				GCC_WARN_ABOUT_RETURN_TYPE = YES_ERROR;
				GCC_WARN_UNDECLARED_SELECTOR = YES;
				GCC_WARN_UNINITIALIZED_AUTOS = YES_AGGRESSIVE;
				GCC_WARN_UNUSED_FUNCTION = YES;
				GCC_WARN_UNUSED_VARIABLE = YES;
				IPHONEOS_DEPLOYMENT_TARGET = 13.0;
				MTL_ENABLE_DEBUG_INFO = NO;
				MTL_FAST_MATH = YES;
				SDKROOT = iphoneos;
				SWIFT_COMPILATION_MODE = wholemodule;
				SWIFT_OPTIMIZATION_LEVEL = "-O";
				VALIDATE_PRODUCT = YES;
			};
			name = Release;
		};
		26B52DAF25B9CC0B002720AB /* Debug */ = {
			isa = XCBuildConfiguration;
			baseConfigurationReference = 960404CF3473A966E94E090B /* Pods-axe.debug.xcconfig */;
			buildSettings = {
				ASSETCATALOG_COMPILER_APPICON_NAME = AppIcon;
				ASSETCATALOG_COMPILER_GLOBAL_ACCENT_COLOR_NAME = AccentColor;
				CODE_SIGN_STYLE = Automatic;
				DEVELOPMENT_TEAM = 9H3R65PNVV;
				INFOPLIST_FILE = axe/Info.plist;
				LD_RUNPATH_SEARCH_PATHS = (
					"$(inherited)",
					"@executable_path/Frameworks",
				);
				PRODUCT_BUNDLE_IDENTIFIER = delta.axe;
				PRODUCT_NAME = "$(TARGET_NAME)";
				SWIFT_VERSION = 5.0;
				TARGETED_DEVICE_FAMILY = "1,2";
			};
			name = Debug;
		};
		26B52DB025B9CC0B002720AB /* Release */ = {
			isa = XCBuildConfiguration;
			baseConfigurationReference = 38C918B022DFDA10046E764D /* Pods-axe.release.xcconfig */;
			buildSettings = {
				ASSETCATALOG_COMPILER_APPICON_NAME = AppIcon;
				ASSETCATALOG_COMPILER_GLOBAL_ACCENT_COLOR_NAME = AccentColor;
				CODE_SIGN_STYLE = Automatic;
				DEVELOPMENT_TEAM = 9H3R65PNVV;
				INFOPLIST_FILE = axe/Info.plist;
				LD_RUNPATH_SEARCH_PATHS = (
					"$(inherited)",
					"@executable_path/Frameworks",
				);
				PRODUCT_BUNDLE_IDENTIFIER = delta.axe;
				PRODUCT_NAME = "$(TARGET_NAME)";
				SWIFT_VERSION = 5.0;
				TARGETED_DEVICE_FAMILY = "1,2";
			};
			name = Release;
		};
		26B52DB225B9CC0B002720AB /* Debug */ = {
			isa = XCBuildConfiguration;
			baseConfigurationReference = 6D9188DC160E6AA7C2CE8FBC /* Pods-axeTests.debug.xcconfig */;
			buildSettings = {
				ALWAYS_EMBED_SWIFT_STANDARD_LIBRARIES = YES;
				BUNDLE_LOADER = "$(TEST_HOST)";
				CODE_SIGN_STYLE = Automatic;
				DEVELOPMENT_TEAM = 9H3R65PNVV;
				INFOPLIST_FILE = axeTests/Info.plist;
				IPHONEOS_DEPLOYMENT_TARGET = 14.3;
				LD_RUNPATH_SEARCH_PATHS = (
					"$(inherited)",
					"@executable_path/Frameworks",
					"@loader_path/Frameworks",
				);
				PRODUCT_BUNDLE_IDENTIFIER = delta.axeTests;
				PRODUCT_NAME = "$(TARGET_NAME)";
				SWIFT_VERSION = 5.0;
				TARGETED_DEVICE_FAMILY = "1,2";
				TEST_HOST = "$(BUILT_PRODUCTS_DIR)/axe.app/axe";
			};
			name = Debug;
		};
		26B52DB325B9CC0B002720AB /* Release */ = {
			isa = XCBuildConfiguration;
			baseConfigurationReference = 56FCAA949C7D84F76B92F91F /* Pods-axeTests.release.xcconfig */;
			buildSettings = {
				ALWAYS_EMBED_SWIFT_STANDARD_LIBRARIES = YES;
				BUNDLE_LOADER = "$(TEST_HOST)";
				CODE_SIGN_STYLE = Automatic;
				DEVELOPMENT_TEAM = 9H3R65PNVV;
				INFOPLIST_FILE = axeTests/Info.plist;
				IPHONEOS_DEPLOYMENT_TARGET = 14.3;
				LD_RUNPATH_SEARCH_PATHS = (
					"$(inherited)",
					"@executable_path/Frameworks",
					"@loader_path/Frameworks",
				);
				PRODUCT_BUNDLE_IDENTIFIER = delta.axeTests;
				PRODUCT_NAME = "$(TARGET_NAME)";
				SWIFT_VERSION = 5.0;
				TARGETED_DEVICE_FAMILY = "1,2";
				TEST_HOST = "$(BUILT_PRODUCTS_DIR)/axe.app/axe";
			};
			name = Release;
		};
		26B52DB525B9CC0B002720AB /* Debug */ = {
			isa = XCBuildConfiguration;
			baseConfigurationReference = 4F8480A3E7864486E50DCB8B /* Pods-axe-axeUITests.debug.xcconfig */;
			buildSettings = {
				ALWAYS_EMBED_SWIFT_STANDARD_LIBRARIES = YES;
				CODE_SIGN_STYLE = Automatic;
				DEVELOPMENT_TEAM = 9H3R65PNVV;
				INFOPLIST_FILE = axeUITests/Info.plist;
				LD_RUNPATH_SEARCH_PATHS = (
					"$(inherited)",
					"@executable_path/Frameworks",
					"@loader_path/Frameworks",
				);
				PRODUCT_BUNDLE_IDENTIFIER = delta.axeUITests;
				PRODUCT_NAME = "$(TARGET_NAME)";
				SWIFT_VERSION = 5.0;
				TARGETED_DEVICE_FAMILY = "1,2";
				TEST_TARGET_NAME = axe;
			};
			name = Debug;
		};
		26B52DB625B9CC0B002720AB /* Release */ = {
			isa = XCBuildConfiguration;
			baseConfigurationReference = F0ABE62891F75ACEB593E931 /* Pods-axe-axeUITests.release.xcconfig */;
			buildSettings = {
				ALWAYS_EMBED_SWIFT_STANDARD_LIBRARIES = YES;
				CODE_SIGN_STYLE = Automatic;
				DEVELOPMENT_TEAM = 9H3R65PNVV;
				INFOPLIST_FILE = axeUITests/Info.plist;
				LD_RUNPATH_SEARCH_PATHS = (
					"$(inherited)",
					"@executable_path/Frameworks",
					"@loader_path/Frameworks",
				);
				PRODUCT_BUNDLE_IDENTIFIER = delta.axeUITests;
				PRODUCT_NAME = "$(TARGET_NAME)";
				SWIFT_VERSION = 5.0;
				TARGETED_DEVICE_FAMILY = "1,2";
				TEST_TARGET_NAME = axe;
			};
			name = Release;
		};
/* End XCBuildConfiguration section */

/* Begin XCConfigurationList section */
		26B52D7F25B9CC09002720AB /* Build configuration list for PBXProject "axe" */ = {
			isa = XCConfigurationList;
			buildConfigurations = (
				26B52DAC25B9CC0B002720AB /* Debug */,
				26B52DAD25B9CC0B002720AB /* Release */,
			);
			defaultConfigurationIsVisible = 0;
			defaultConfigurationName = Release;
		};
		26B52DAE25B9CC0B002720AB /* Build configuration list for PBXNativeTarget "axe" */ = {
			isa = XCConfigurationList;
			buildConfigurations = (
				26B52DAF25B9CC0B002720AB /* Debug */,
				26B52DB025B9CC0B002720AB /* Release */,
			);
			defaultConfigurationIsVisible = 0;
			defaultConfigurationName = Release;
		};
		26B52DB125B9CC0B002720AB /* Build configuration list for PBXNativeTarget "axeTests" */ = {
			isa = XCConfigurationList;
			buildConfigurations = (
				26B52DB225B9CC0B002720AB /* Debug */,
				26B52DB325B9CC0B002720AB /* Release */,
			);
			defaultConfigurationIsVisible = 0;
			defaultConfigurationName = Release;
		};
		26B52DB425B9CC0B002720AB /* Build configuration list for PBXNativeTarget "axeUITests" */ = {
			isa = XCConfigurationList;
			buildConfigurations = (
				26B52DB525B9CC0B002720AB /* Debug */,
				26B52DB625B9CC0B002720AB /* Release */,
			);
			defaultConfigurationIsVisible = 0;
			defaultConfigurationName = Release;
		};
/* End XCConfigurationList section */
	};
	rootObject = 26B52D7C25B9CC09002720AB /* Project object */;
}
